
Microsoft Visual Studio Solution File, Format Version 12.00
# Visual Studio Version 16
VisualStudioVersion = 16.0.29403.142
MinimumVisualStudioVersion = 10.0.40219.1
Project("{778DAE3C-4631-46EA-AA77-85C1314464D9}") = "cadena", "cadenitas\cadena.vbproj", "{CBF6D3B5-729A-4251-90FF-E0265C998790}"
EndProject
Project("{778DAE3C-4631-46EA-AA77-85C1314464D9}") = "cadena2", "cadena2\cadena2.vbproj", "{06B4D24D-7A67-4A62-93F7-B3385E641F76}"
EndProject
Project("{778DAE3C-4631-46EA-AA77-85C1314464D9}") = "cadena3", "cadena3\cadena3.vbproj", "{339FDB5F-31C0-4E3E-BF2F-B167D5B846E3}"
EndProject
Project("{778DAE3C-4631-46EA-AA77-85C1314464D9}") = "cadena4", "cadena4\cadena4.vbproj", "{92A014C6-4CBF-4643-8078-E53BB2DC5D75}"
EndProject
Project("{778DAE3C-4631-46EA-AA77-85C1314464D9}") = "consola", "cadena6\consola.vbproj", "{CD322A34-6895-4B3D-ACDC-E51A8675FEC9}"
EndProject
Project("{778DAE3C-4631-46EA-AA77-85C1314464D9}") = "consola1", "consola1\consola1.vbproj", "{3F4DF3ED-4CD9-4867-8068-19E46D21F72E}"
EndProject
Project("{778DAE3C-4631-46EA-AA77-85C1314464D9}") = "ejercicio1", "ejercicio1\ejercicio1.vbproj", "{52409B65-2EF1-4502-AC2A-16402843F347}"
EndProject
Project("{778DAE3C-4631-46EA-AA77-85C1314464D9}") = "ejercicio2", "ejercicio2\ejercicio2.vbproj", "{F72F198A-9C0E-4625-92E3-D5812100E619}"
EndProject
Project("{778DAE3C-4631-46EA-AA77-85C1314464D9}") = "ejercicio3", "ejercicio3\ejercicio3.vbproj", "{432C5194-EB94-4875-A413-85CF4C5B4A04}"
EndProject
Project("{778DAE3C-4631-46EA-AA77-85C1314464D9}") = "ejercicio4", "ejercicio4\ejercicio4.vbproj", "{310A2EAA-FD41-4645-A4C6-61A936589BE0}"
EndProject
Project("{778DAE3C-4631-46EA-AA77-85C1314464D9}") = "ejercicio5", "ejercicio5\ejercicio5.vbproj", "{489C31C9-4095-48A7-AB21-545729A714CE}"
EndProject
Project("{778DAE3C-4631-46EA-AA77-85C1314464D9}") = "ejercicio6", "ejercicio6\ejercicio6.vbproj", "{DFF952ED-7AF7-4BF7-98C5-5B3D7CC3C357}"
EndProject
Project("{778DAE3C-4631-46EA-AA77-85C1314464D9}") = "ejercicio7", "ejercicio7\ejercicio7.vbproj", "{F099DD48-C042-46C6-A344-481DFAF04BB8}"
EndProject
Project("{778DAE3C-4631-46EA-AA77-85C1314464D9}") = "cadena5.0", "cadena5.0\cadena5.0.vbproj", "{C214A088-52B9-4067-A9B1-9EB6C52818BB}"
EndProject
Project("{778DAE3C-4631-46EA-AA77-85C1314464D9}") = "cadena6.0", "cadena6.0\cadena6.0.vbproj", "{A147861C-B405-4932-8542-C0A8D096376D}"
EndProject
Project("{F184B08F-C81C-45F6-A57F-5ABD9991F28F}") = "Mono1", "Mono1\Mono1.vbproj", "{4676584D-5709-4264-A3F4-D6AC18B594D6}"
EndProject
Project("{F184B08F-C81C-45F6-A57F-5ABD9991F28F}") = "Mono2", "Mono2\Mono2.vbproj", "{326B4BC3-0577-4D49-8661-8562B2760EE1}"
EndProject
Project("{F184B08F-C81C-45F6-A57F-5ABD9991F28F}") = "Mono3", "Mono3\Mono3.vbproj", "{B65049C6-7925-46AD-B919-B89206301615}"
EndProject
Project("{F184B08F-C81C-45F6-A57F-5ABD9991F28F}") = "Mono4", "Mono4\Mono4.vbproj", "{415B206C-BF98-49EC-BB18-CBEB5C074AA2}"
EndProject
Project("{F184B08F-C81C-45F6-A57F-5ABD9991F28F}") = "Mono5", "Mono5\Mono5.vbproj", "{05254805-8400-4C91-8803-28CFFF825CE8}"
EndProject
Project("{F184B08F-C81C-45F6-A57F-5ABD9991F28F}") = "Mono6", "Mono6\Mono6.vbproj", "{9FC216DA-24E6-41E6-BA86-F8D0D70154EC}"
EndProject
Project("{F184B08F-C81C-45F6-A57F-5ABD9991F28F}") = "Mono7", "Mono7\Mono7.vbproj", "{08506082-37B2-4396-940B-D523C600BD19}"
EndProject
Global
	GlobalSection(SolutionConfigurationPlatforms) = preSolution
		Debug|Any CPU = Debug|Any CPU
		Release|Any CPU = Release|Any CPU
	EndGlobalSection
	GlobalSection(ProjectConfigurationPlatforms) = postSolution
		{CBF6D3B5-729A-4251-90FF-E0265C998790}.Debug|Any CPU.ActiveCfg = Debug|Any CPU
		{CBF6D3B5-729A-4251-90FF-E0265C998790}.Debug|Any CPU.Build.0 = Debug|Any CPU
		{CBF6D3B5-729A-4251-90FF-E0265C998790}.Release|Any CPU.ActiveCfg = Release|Any CPU
		{CBF6D3B5-729A-4251-90FF-E0265C998790}.Release|Any CPU.Build.0 = Release|Any CPU
		{06B4D24D-7A67-4A62-93F7-B3385E641F76}.Debug|Any CPU.ActiveCfg = Debug|Any CPU
		{06B4D24D-7A67-4A62-93F7-B3385E641F76}.Debug|Any CPU.Build.0 = Debug|Any CPU
		{06B4D24D-7A67-4A62-93F7-B3385E641F76}.Release|Any CPU.ActiveCfg = Release|Any CPU
		{06B4D24D-7A67-4A62-93F7-B3385E641F76}.Release|Any CPU.Build.0 = Release|Any CPU
		{339FDB5F-31C0-4E3E-BF2F-B167D5B846E3}.Debug|Any CPU.ActiveCfg = Debug|Any CPU
		{339FDB5F-31C0-4E3E-BF2F-B167D5B846E3}.Debug|Any CPU.Build.0 = Debug|Any CPU
		{339FDB5F-31C0-4E3E-BF2F-B167D5B846E3}.Release|Any CPU.ActiveCfg = Release|Any CPU
		{339FDB5F-31C0-4E3E-BF2F-B167D5B846E3}.Release|Any CPU.Build.0 = Release|Any CPU
		{92A014C6-4CBF-4643-8078-E53BB2DC5D75}.Debug|Any CPU.ActiveCfg = Debug|Any CPU
		{92A014C6-4CBF-4643-8078-E53BB2DC5D75}.Debug|Any CPU.Build.0 = Debug|Any CPU
		{92A014C6-4CBF-4643-8078-E53BB2DC5D75}.Release|Any CPU.ActiveCfg = Release|Any CPU
		{92A014C6-4CBF-4643-8078-E53BB2DC5D75}.Release|Any CPU.Build.0 = Release|Any CPU
		{CD322A34-6895-4B3D-ACDC-E51A8675FEC9}.Debug|Any CPU.ActiveCfg = Debug|Any CPU
		{CD322A34-6895-4B3D-ACDC-E51A8675FEC9}.Debug|Any CPU.Build.0 = Debug|Any CPU
		{CD322A34-6895-4B3D-ACDC-E51A8675FEC9}.Release|Any CPU.ActiveCfg = Release|Any CPU
		{CD322A34-6895-4B3D-ACDC-E51A8675FEC9}.Release|Any CPU.Build.0 = Release|Any CPU
		{3F4DF3ED-4CD9-4867-8068-19E46D21F72E}.Debug|Any CPU.ActiveCfg = Debug|Any CPU
		{3F4DF3ED-4CD9-4867-8068-19E46D21F72E}.Debug|Any CPU.Build.0 = Debug|Any CPU
		{3F4DF3ED-4CD9-4867-8068-19E46D21F72E}.Release|Any CPU.ActiveCfg = Release|Any CPU
		{3F4DF3ED-4CD9-4867-8068-19E46D21F72E}.Release|Any CPU.Build.0 = Release|Any CPU
		{52409B65-2EF1-4502-AC2A-16402843F347}.Debug|Any CPU.ActiveCfg = Debug|Any CPU
		{52409B65-2EF1-4502-AC2A-16402843F347}.Debug|Any CPU.Build.0 = Debug|Any CPU
		{52409B65-2EF1-4502-AC2A-16402843F347}.Release|Any CPU.ActiveCfg = Release|Any CPU
		{52409B65-2EF1-4502-AC2A-16402843F347}.Release|Any CPU.Build.0 = Release|Any CPU
		{F72F198A-9C0E-4625-92E3-D5812100E619}.Debug|Any CPU.ActiveCfg = Debug|Any CPU
		{F72F198A-9C0E-4625-92E3-D5812100E619}.Debug|Any CPU.Build.0 = Debug|Any CPU
		{F72F198A-9C0E-4625-92E3-D5812100E619}.Release|Any CPU.ActiveCfg = Release|Any CPU
		{F72F198A-9C0E-4625-92E3-D5812100E619}.Release|Any CPU.Build.0 = Release|Any CPU
		{432C5194-EB94-4875-A413-85CF4C5B4A04}.Debug|Any CPU.ActiveCfg = Debug|Any CPU
		{432C5194-EB94-4875-A413-85CF4C5B4A04}.Debug|Any CPU.Build.0 = Debug|Any CPU
		{432C5194-EB94-4875-A413-85CF4C5B4A04}.Release|Any CPU.ActiveCfg = Release|Any CPU
		{432C5194-EB94-4875-A413-85CF4C5B4A04}.Release|Any CPU.Build.0 = Release|Any CPU
		{310A2EAA-FD41-4645-A4C6-61A936589BE0}.Debug|Any CPU.ActiveCfg = Debug|Any CPU
		{310A2EAA-FD41-4645-A4C6-61A936589BE0}.Debug|Any CPU.Build.0 = Debug|Any CPU
		{310A2EAA-FD41-4645-A4C6-61A936589BE0}.Release|Any CPU.ActiveCfg = Release|Any CPU
		{310A2EAA-FD41-4645-A4C6-61A936589BE0}.Release|Any CPU.Build.0 = Release|Any CPU
		{489C31C9-4095-48A7-AB21-545729A714CE}.Debug|Any CPU.ActiveCfg = Debug|Any CPU
		{489C31C9-4095-48A7-AB21-545729A714CE}.Debug|Any CPU.Build.0 = Debug|Any CPU
		{489C31C9-4095-48A7-AB21-545729A714CE}.Release|Any CPU.ActiveCfg = Release|Any CPU
		{489C31C9-4095-48A7-AB21-545729A714CE}.Release|Any CPU.Build.0 = Release|Any CPU
		{DFF952ED-7AF7-4BF7-98C5-5B3D7CC3C357}.Debug|Any CPU.ActiveCfg = Debug|Any CPU
		{DFF952ED-7AF7-4BF7-98C5-5B3D7CC3C357}.Debug|Any CPU.Build.0 = Debug|Any CPU
		{DFF952ED-7AF7-4BF7-98C5-5B3D7CC3C357}.Release|Any CPU.ActiveCfg = Release|Any CPU
		{DFF952ED-7AF7-4BF7-98C5-5B3D7CC3C357}.Release|Any CPU.Build.0 = Release|Any CPU
		{F099DD48-C042-46C6-A344-481DFAF04BB8}.Debug|Any CPU.ActiveCfg = Debug|Any CPU
		{F099DD48-C042-46C6-A344-481DFAF04BB8}.Debug|Any CPU.Build.0 = Debug|Any CPU
		{F099DD48-C042-46C6-A344-481DFAF04BB8}.Release|Any CPU.ActiveCfg = Release|Any CPU
		{F099DD48-C042-46C6-A344-481DFAF04BB8}.Release|Any CPU.Build.0 = Release|Any CPU
		{C214A088-52B9-4067-A9B1-9EB6C52818BB}.Debug|Any CPU.ActiveCfg = Debug|Any CPU
		{C214A088-52B9-4067-A9B1-9EB6C52818BB}.Debug|Any CPU.Build.0 = Debug|Any CPU
		{C214A088-52B9-4067-A9B1-9EB6C52818BB}.Release|Any CPU.ActiveCfg = Release|Any CPU
		{C214A088-52B9-4067-A9B1-9EB6C52818BB}.Release|Any CPU.Build.0 = Release|Any CPU
		{A147861C-B405-4932-8542-C0A8D096376D}.Debug|Any CPU.ActiveCfg = Debug|Any CPU
		{A147861C-B405-4932-8542-C0A8D096376D}.Debug|Any CPU.Build.0 = Debug|Any CPU
		{A147861C-B405-4932-8542-C0A8D096376D}.Release|Any CPU.ActiveCfg = Release|Any CPU
		{A147861C-B405-4932-8542-C0A8D096376D}.Release|Any CPU.Build.0 = Release|Any CPU
		{4676584D-5709-4264-A3F4-D6AC18B594D6}.Debug|Any CPU.ActiveCfg = Debug|Any CPU
		{4676584D-5709-4264-A3F4-D6AC18B594D6}.Debug|Any CPU.Build.0 = Debug|Any CPU
		{4676584D-5709-4264-A3F4-D6AC18B594D6}.Release|Any CPU.ActiveCfg = Release|Any CPU
		{4676584D-5709-4264-A3F4-D6AC18B594D6}.Release|Any CPU.Build.0 = Release|Any CPU
		{326B4BC3-0577-4D49-8661-8562B2760EE1}.Debug|Any CPU.ActiveCfg = Debug|Any CPU
		{326B4BC3-0577-4D49-8661-8562B2760EE1}.Debug|Any CPU.Build.0 = Debug|Any CPU
		{326B4BC3-0577-4D49-8661-8562B2760EE1}.Release|Any CPU.ActiveCfg = Release|Any CPU
		{326B4BC3-0577-4D49-8661-8562B2760EE1}.Release|Any CPU.Build.0 = Release|Any CPU
		{B65049C6-7925-46AD-B919-B89206301615}.Debug|Any CPU.ActiveCfg = Debug|Any CPU
		{B65049C6-7925-46AD-B919-B89206301615}.Debug|Any CPU.Build.0 = Debug|Any CPU
		{B65049C6-7925-46AD-B919-B89206301615}.Release|Any CPU.ActiveCfg = Release|Any CPU
		{B65049C6-7925-46AD-B919-B89206301615}.Release|Any CPU.Build.0 = Release|Any CPU
		{415B206C-BF98-49EC-BB18-CBEB5C074AA2}.Debug|Any CPU.ActiveCfg = Debug|Any CPU
		{415B206C-BF98-49EC-BB18-CBEB5C074AA2}.Debug|Any CPU.Build.0 = Debug|Any CPU
		{415B206C-BF98-49EC-BB18-CBEB5C074AA2}.Release|Any CPU.ActiveCfg = Release|Any CPU
		{415B206C-BF98-49EC-BB18-CBEB5C074AA2}.Release|Any CPU.Build.0 = Release|Any CPU
		{05254805-8400-4C91-8803-28CFFF825CE8}.Debug|Any CPU.ActiveCfg = Debug|Any CPU
		{05254805-8400-4C91-8803-28CFFF825CE8}.Debug|Any CPU.Build.0 = Debug|Any CPU
		{05254805-8400-4C91-8803-28CFFF825CE8}.Release|Any CPU.ActiveCfg = Release|Any CPU
		{05254805-8400-4C91-8803-28CFFF825CE8}.Release|Any CPU.Build.0 = Release|Any CPU
		{9FC216DA-24E6-41E6-BA86-F8D0D70154EC}.Debug|Any CPU.ActiveCfg = Debug|Any CPU
		{9FC216DA-24E6-41E6-BA86-F8D0D70154EC}.Debug|Any CPU.Build.0 = Debug|Any CPU
		{9FC216DA-24E6-41E6-BA86-F8D0D70154EC}.Release|Any CPU.ActiveCfg = Release|Any CPU
		{9FC216DA-24E6-41E6-BA86-F8D0D70154EC}.Release|Any CPU.Build.0 = Release|Any CPU
		{08506082-37B2-4396-940B-D523C600BD19}.Debug|Any CPU.ActiveCfg = Debug|Any CPU
		{08506082-37B2-4396-940B-D523C600BD19}.Debug|Any CPU.Build.0 = Debug|Any CPU
		{08506082-37B2-4396-940B-D523C600BD19}.Release|Any CPU.ActiveCfg = Release|Any CPU
		{08506082-37B2-4396-940B-D523C600BD19}.Release|Any CPU.Build.0 = Release|Any CPU
	EndGlobalSection
	GlobalSection(SolutionProperties) = preSolution
		HideSolutionNode = FALSE
	EndGlobalSection
	GlobalSection(ExtensibilityGlobals) = postSolution
		SolutionGuid = {AF170C66-8878-42CE-BDBD-99AC80BBC72A}
	EndGlobalSection
EndGlobal
